{
  "name": "website",
  "lockfileVersion": 2,
  "requires": true,
  "packages": {
    "": {
      "dependencies": {
        "@alan-ai/alan-sdk-web": "^1.8.20"
      }
    },
    "node_modules/@alan-ai/alan-sdk-web": {
      "version": "1.8.20",
      "resolved": "https://registry.npmjs.org/@alan-ai/alan-sdk-web/-/alan-sdk-web-1.8.20.tgz",
      "integrity": "sha512-jZDwDUvYafUCczQ6Jok9umiCh0zFdzqYbWd5ia8lMF6mU9lG8zSGsF7LDMGIWGII23j6DJUcQcJm60nqXWmABg=="
    }
  },
  "dependencies": {
    "@alan-ai/alan-sdk-web": {
      "version": "1.8.20",
      "resolved": "https://registry.npmjs.org/@alan-ai/alan-sdk-web/-/alan-sdk-web-1.8.20.tgz",
      "integrity": "sha512-jZDwDUvYafUCczQ6Jok9umiCh0zFdzqYbWd5ia8lMF6mU9lG8zSGsF7LDMGIWGII23j6DJUcQcJm60nqXWmABg=="
    }
  }
}
